
Microsoft Visual Studio Solution File, Format Version 12.00
# Visual Studio Version 16
VisualStudioVersion = 16.0.31729.503
MinimumVisualStudioVersion = 10.0.40219.1
Project("{FAE04EC0-301F-11D3-BF4B-00C04F79EFBC}") = "KlassenErstellenTeil1", "KlassenErstellenTeil1\KlassenErstellenTeil1.csproj", "{46AAFA16-A922-4284-B9CE-06DB192F1057}"
EndProject
Global
	GlobalSection(SolutionConfigurationPlatforms) = preSolution
		Debug|Any CPU = Debug|Any CPU
		Release|Any CPU = Release|Any CPU
	EndGlobalSection
	GlobalSection(ProjectConfigurationPlatforms) = postSolution
		{46AAFA16-A922-4284-B9CE-06DB192F1057}.Debug|Any CPU.ActiveCfg = Debug|Any CPU
		{46AAFA16-A922-4284-B9CE-06DB192F1057}.Debug|Any CPU.Build.0 = Debug|Any CPU
		{46AAFA16-A922-4284-B9CE-06DB192F1057}.Release|Any CPU.ActiveCfg = Release|Any CPU
		{46AAFA16-A922-4284-B9CE-06DB192F1057}.Release|Any CPU.Build.0 = Release|Any CPU
	EndGlobalSection
	GlobalSection(SolutionProperties) = preSolution
		HideSolutionNode = FALSE
	EndGlobalSection
	GlobalSection(ExtensibilityGlobals) = postSolution
		SolutionGuid = {F6460CE6-7142-4BD8-BC3C-FB95016AB783}
	EndGlobalSection
EndGlobal
