
Microsoft Visual Studio Solution File, Format Version 12.00
# Visual Studio Version 16
VisualStudioVersion = 16.0.31729.503
MinimumVisualStudioVersion = 10.0.40219.1
Project("{FAE04EC0-301F-11D3-BF4B-00C04F79EFBC}") = "Rechner", "Rechner\Rechner.csproj", "{99496AAE-8AFE-464C-BAA7-B5AAD49F559E}"
EndProject
Global
	GlobalSection(SolutionConfigurationPlatforms) = preSolution
		Debug|Any CPU = Debug|Any CPU
		Release|Any CPU = Release|Any CPU
	EndGlobalSection
	GlobalSection(ProjectConfigurationPlatforms) = postSolution
		{99496AAE-8AFE-464C-BAA7-B5AAD49F559E}.Debug|Any CPU.ActiveCfg = Debug|Any CPU
		{99496AAE-8AFE-464C-BAA7-B5AAD49F559E}.Debug|Any CPU.Build.0 = Debug|Any CPU
		{99496AAE-8AFE-464C-BAA7-B5AAD49F559E}.Release|Any CPU.ActiveCfg = Release|Any CPU
		{99496AAE-8AFE-464C-BAA7-B5AAD49F559E}.Release|Any CPU.Build.0 = Release|Any CPU
	EndGlobalSection
	GlobalSection(SolutionProperties) = preSolution
		HideSolutionNode = FALSE
	EndGlobalSection
	GlobalSection(ExtensibilityGlobals) = postSolution
		SolutionGuid = {35AAAB1D-205C-462A-952A-CEF9A6BCB660}
	EndGlobalSection
EndGlobal
