
Microsoft Visual Studio Solution File, Format Version 12.00
# Visual Studio Version 16
VisualStudioVersion = 16.0.31729.503
MinimumVisualStudioVersion = 10.0.40219.1
Project("{FAE04EC0-301F-11D3-BF4B-00C04F79EFBC}") = "Uebung2", "Uebung2\Uebung2.csproj", "{E8BE4784-21CD-4201-8B6E-92FF7FB9F71F}"
EndProject
Global
	GlobalSection(SolutionConfigurationPlatforms) = preSolution
		Debug|Any CPU = Debug|Any CPU
		Release|Any CPU = Release|Any CPU
	EndGlobalSection
	GlobalSection(ProjectConfigurationPlatforms) = postSolution
		{E8BE4784-21CD-4201-8B6E-92FF7FB9F71F}.Debug|Any CPU.ActiveCfg = Debug|Any CPU
		{E8BE4784-21CD-4201-8B6E-92FF7FB9F71F}.Debug|Any CPU.Build.0 = Debug|Any CPU
		{E8BE4784-21CD-4201-8B6E-92FF7FB9F71F}.Release|Any CPU.ActiveCfg = Release|Any CPU
		{E8BE4784-21CD-4201-8B6E-92FF7FB9F71F}.Release|Any CPU.Build.0 = Release|Any CPU
	EndGlobalSection
	GlobalSection(SolutionProperties) = preSolution
		HideSolutionNode = FALSE
	EndGlobalSection
	GlobalSection(ExtensibilityGlobals) = postSolution
		SolutionGuid = {08BCEC4C-B9DB-4A97-9E57-E4FBEBDC92E0}
	EndGlobalSection
EndGlobal
