
Microsoft Visual Studio Solution File, Format Version 12.00
# Visual Studio Version 16
VisualStudioVersion = 16.0.31729.503
MinimumVisualStudioVersion = 10.0.40219.1
Project("{FAE04EC0-301F-11D3-BF4B-00C04F79EFBC}") = "MathematischeFunktionen", "MathematischeFunktionen\MathematischeFunktionen.csproj", "{6FCD6907-4161-427A-A202-74E46B51D1CD}"
EndProject
Global
	GlobalSection(SolutionConfigurationPlatforms) = preSolution
		Debug|Any CPU = Debug|Any CPU
		Release|Any CPU = Release|Any CPU
	EndGlobalSection
	GlobalSection(ProjectConfigurationPlatforms) = postSolution
		{6FCD6907-4161-427A-A202-74E46B51D1CD}.Debug|Any CPU.ActiveCfg = Debug|Any CPU
		{6FCD6907-4161-427A-A202-74E46B51D1CD}.Debug|Any CPU.Build.0 = Debug|Any CPU
		{6FCD6907-4161-427A-A202-74E46B51D1CD}.Release|Any CPU.ActiveCfg = Release|Any CPU
		{6FCD6907-4161-427A-A202-74E46B51D1CD}.Release|Any CPU.Build.0 = Release|Any CPU
	EndGlobalSection
	GlobalSection(SolutionProperties) = preSolution
		HideSolutionNode = FALSE
	EndGlobalSection
	GlobalSection(ExtensibilityGlobals) = postSolution
		SolutionGuid = {9F61C78D-3A69-4380-B074-0D00C9976E88}
	EndGlobalSection
EndGlobal
