
Microsoft Visual Studio Solution File, Format Version 12.00
# Visual Studio Version 16
VisualStudioVersion = 16.0.31729.503
MinimumVisualStudioVersion = 10.0.40219.1
Project("{FAE04EC0-301F-11D3-BF4B-00C04F79EFBC}") = "KlassenErstellenTeil2", "KlassenErstellenTeil2\KlassenErstellenTeil2.csproj", "{2D717E68-61A7-4E99-8D08-4C46254A5CB8}"
EndProject
Global
	GlobalSection(SolutionConfigurationPlatforms) = preSolution
		Debug|Any CPU = Debug|Any CPU
		Release|Any CPU = Release|Any CPU
	EndGlobalSection
	GlobalSection(ProjectConfigurationPlatforms) = postSolution
		{2D717E68-61A7-4E99-8D08-4C46254A5CB8}.Debug|Any CPU.ActiveCfg = Debug|Any CPU
		{2D717E68-61A7-4E99-8D08-4C46254A5CB8}.Debug|Any CPU.Build.0 = Debug|Any CPU
		{2D717E68-61A7-4E99-8D08-4C46254A5CB8}.Release|Any CPU.ActiveCfg = Release|Any CPU
		{2D717E68-61A7-4E99-8D08-4C46254A5CB8}.Release|Any CPU.Build.0 = Release|Any CPU
	EndGlobalSection
	GlobalSection(SolutionProperties) = preSolution
		HideSolutionNode = FALSE
	EndGlobalSection
	GlobalSection(ExtensibilityGlobals) = postSolution
		SolutionGuid = {C5169FD1-9BBC-4231-A812-29EDDDC2D800}
	EndGlobalSection
EndGlobal
