
Microsoft Visual Studio Solution File, Format Version 12.00
# Visual Studio Version 16
VisualStudioVersion = 16.0.31729.503
MinimumVisualStudioVersion = 10.0.40219.1
Project("{FAE04EC0-301F-11D3-BF4B-00C04F79EFBC}") = "NewtonVerfahren", "NewtonVerfahren\NewtonVerfahren.csproj", "{71B6DD6E-AE46-4546-8C65-C772DA475FC3}"
EndProject
Global
	GlobalSection(SolutionConfigurationPlatforms) = preSolution
		Debug|Any CPU = Debug|Any CPU
		Release|Any CPU = Release|Any CPU
	EndGlobalSection
	GlobalSection(ProjectConfigurationPlatforms) = postSolution
		{71B6DD6E-AE46-4546-8C65-C772DA475FC3}.Debug|Any CPU.ActiveCfg = Debug|Any CPU
		{71B6DD6E-AE46-4546-8C65-C772DA475FC3}.Debug|Any CPU.Build.0 = Debug|Any CPU
		{71B6DD6E-AE46-4546-8C65-C772DA475FC3}.Release|Any CPU.ActiveCfg = Release|Any CPU
		{71B6DD6E-AE46-4546-8C65-C772DA475FC3}.Release|Any CPU.Build.0 = Release|Any CPU
	EndGlobalSection
	GlobalSection(SolutionProperties) = preSolution
		HideSolutionNode = FALSE
	EndGlobalSection
	GlobalSection(ExtensibilityGlobals) = postSolution
		SolutionGuid = {A29453B1-D5CA-4992-AC91-01F0C4E92A59}
	EndGlobalSection
EndGlobal
