
Microsoft Visual Studio Solution File, Format Version 12.00
# Visual Studio Version 16
VisualStudioVersion = 16.0.31729.503
MinimumVisualStudioVersion = 10.0.40219.1
Project("{FAE04EC0-301F-11D3-BF4B-00C04F79EFBC}") = "Bisektionsverfahren", "Bisektionsverfahren\Bisektionsverfahren.csproj", "{A7B7A614-F06F-4259-8CBA-4899363C7C78}"
EndProject
Global
	GlobalSection(SolutionConfigurationPlatforms) = preSolution
		Debug|Any CPU = Debug|Any CPU
		Release|Any CPU = Release|Any CPU
	EndGlobalSection
	GlobalSection(ProjectConfigurationPlatforms) = postSolution
		{A7B7A614-F06F-4259-8CBA-4899363C7C78}.Debug|Any CPU.ActiveCfg = Debug|Any CPU
		{A7B7A614-F06F-4259-8CBA-4899363C7C78}.Debug|Any CPU.Build.0 = Debug|Any CPU
		{A7B7A614-F06F-4259-8CBA-4899363C7C78}.Release|Any CPU.ActiveCfg = Release|Any CPU
		{A7B7A614-F06F-4259-8CBA-4899363C7C78}.Release|Any CPU.Build.0 = Release|Any CPU
	EndGlobalSection
	GlobalSection(SolutionProperties) = preSolution
		HideSolutionNode = FALSE
	EndGlobalSection
	GlobalSection(ExtensibilityGlobals) = postSolution
		SolutionGuid = {896B79BC-33DB-4E50-AB19-4F6867179003}
	EndGlobalSection
EndGlobal
