
Microsoft Visual Studio Solution File, Format Version 12.00
# Visual Studio Version 16
VisualStudioVersion = 16.0.31729.503
MinimumVisualStudioVersion = 10.0.40219.1
Project("{FAE04EC0-301F-11D3-BF4B-00C04F79EFBC}") = "Typen", "Typen\Typen.csproj", "{0F9D1C99-25F1-4299-B1FC-21F9F3AC8F54}"
EndProject
Global
	GlobalSection(SolutionConfigurationPlatforms) = preSolution
		Debug|Any CPU = Debug|Any CPU
		Release|Any CPU = Release|Any CPU
	EndGlobalSection
	GlobalSection(ProjectConfigurationPlatforms) = postSolution
		{0F9D1C99-25F1-4299-B1FC-21F9F3AC8F54}.Debug|Any CPU.ActiveCfg = Debug|Any CPU
		{0F9D1C99-25F1-4299-B1FC-21F9F3AC8F54}.Debug|Any CPU.Build.0 = Debug|Any CPU
		{0F9D1C99-25F1-4299-B1FC-21F9F3AC8F54}.Release|Any CPU.ActiveCfg = Release|Any CPU
		{0F9D1C99-25F1-4299-B1FC-21F9F3AC8F54}.Release|Any CPU.Build.0 = Release|Any CPU
	EndGlobalSection
	GlobalSection(SolutionProperties) = preSolution
		HideSolutionNode = FALSE
	EndGlobalSection
	GlobalSection(ExtensibilityGlobals) = postSolution
		SolutionGuid = {D16729A9-4703-4B31-A6F5-82B5C25E6E7C}
	EndGlobalSection
EndGlobal
