
Microsoft Visual Studio Solution File, Format Version 12.00
# Visual Studio Version 16
VisualStudioVersion = 16.0.31729.503
MinimumVisualStudioVersion = 10.0.40219.1
Project("{FAE04EC0-301F-11D3-BF4B-00C04F79EFBC}") = "ZinsBerechnung", "ZinsBerechnung\ZinsBerechnung.csproj", "{7489EA71-6CF8-47D6-9FEF-FBC9E003281C}"
EndProject
Global
	GlobalSection(SolutionConfigurationPlatforms) = preSolution
		Debug|Any CPU = Debug|Any CPU
		Release|Any CPU = Release|Any CPU
	EndGlobalSection
	GlobalSection(ProjectConfigurationPlatforms) = postSolution
		{7489EA71-6CF8-47D6-9FEF-FBC9E003281C}.Debug|Any CPU.ActiveCfg = Debug|Any CPU
		{7489EA71-6CF8-47D6-9FEF-FBC9E003281C}.Debug|Any CPU.Build.0 = Debug|Any CPU
		{7489EA71-6CF8-47D6-9FEF-FBC9E003281C}.Release|Any CPU.ActiveCfg = Release|Any CPU
		{7489EA71-6CF8-47D6-9FEF-FBC9E003281C}.Release|Any CPU.Build.0 = Release|Any CPU
	EndGlobalSection
	GlobalSection(SolutionProperties) = preSolution
		HideSolutionNode = FALSE
	EndGlobalSection
	GlobalSection(ExtensibilityGlobals) = postSolution
		SolutionGuid = {D0445A08-58D0-463F-9F6E-A187C70D236A}
	EndGlobalSection
EndGlobal
