
Microsoft Visual Studio Solution File, Format Version 12.00
# Visual Studio Version 16
VisualStudioVersion = 16.0.31729.503
MinimumVisualStudioVersion = 10.0.40219.1
Project("{FAE04EC0-301F-11D3-BF4B-00C04F79EFBC}") = "Logikaufgabe", "Logikaufgabe\Logikaufgabe.csproj", "{33435B95-C368-4B02-AF2E-7A30D53E6DDC}"
EndProject
Global
	GlobalSection(SolutionConfigurationPlatforms) = preSolution
		Debug|Any CPU = Debug|Any CPU
		Release|Any CPU = Release|Any CPU
	EndGlobalSection
	GlobalSection(ProjectConfigurationPlatforms) = postSolution
		{33435B95-C368-4B02-AF2E-7A30D53E6DDC}.Debug|Any CPU.ActiveCfg = Debug|Any CPU
		{33435B95-C368-4B02-AF2E-7A30D53E6DDC}.Debug|Any CPU.Build.0 = Debug|Any CPU
		{33435B95-C368-4B02-AF2E-7A30D53E6DDC}.Release|Any CPU.ActiveCfg = Release|Any CPU
		{33435B95-C368-4B02-AF2E-7A30D53E6DDC}.Release|Any CPU.Build.0 = Release|Any CPU
	EndGlobalSection
	GlobalSection(SolutionProperties) = preSolution
		HideSolutionNode = FALSE
	EndGlobalSection
	GlobalSection(ExtensibilityGlobals) = postSolution
		SolutionGuid = {A74EF603-9CD8-4ED9-BA7E-6D799FED4123}
	EndGlobalSection
EndGlobal
